// !$*UTF8*$!
{
	archiveVersion = 1;
	classes = {
	};
	objectVersion = 46;
	objects = {

/* Begin PBXBuildFile section */
		01C4887B1B1208CD007142EC /* Main.storyboard in Resources */ = {isa = PBXBuildFile; fileRef = 01C488791B1208CD007142EC /* Main.storyboard */; };
		01C4888F1B1321E2007142EC /* MapKit.framework in Frameworks */ = {isa = PBXBuildFile; fileRef = 01C4887D1B131835007142EC /* MapKit.framework */; };
		01C488911B132208007142EC /* FBSDKLoginKit.framework in Frameworks */ = {isa = PBXBuildFile; fileRef = 01C488901B132208007142EC /* FBSDKLoginKit.framework */; };
		01C488931B132260007142EC /* FBSDKCoreKit.framework in Frameworks */ = {isa = PBXBuildFile; fileRef = 01C488921B132260007142EC /* FBSDKCoreKit.framework */; };
		01E2A4D01B0A3961005D11C0 /* AppDelegate.swift in Sources */ = {isa = PBXBuildFile; fileRef = 01E2A4CF1B0A3961005D11C0 /* AppDelegate.swift */; };
		01E2A4D21B0A3961005D11C0 /* LoginViewController.swift in Sources */ = {isa = PBXBuildFile; fileRef = 01E2A4D11B0A3961005D11C0 /* LoginViewController.swift */; };
		01E2A4D71B0A3961005D11C0 /* Images.xcassets in Resources */ = {isa = PBXBuildFile; fileRef = 01E2A4D61B0A3961005D11C0 /* Images.xcassets */; };
		01E2A4DA1B0A3961005D11C0 /* LaunchScreen.xib in Resources */ = {isa = PBXBuildFile; fileRef = 01E2A4D81B0A3961005D11C0 /* LaunchScreen.xib */; };
		01E2A4E61B0A3962005D11C0 /* On_the_MapTests.swift in Sources */ = {isa = PBXBuildFile; fileRef = 01E2A4E51B0A3962005D11C0 /* On_the_MapTests.swift */; };
		01E2A4F21B0BC267005D11C0 /* UdacityClient.swift in Sources */ = {isa = PBXBuildFile; fileRef = 01E2A4F11B0BC267005D11C0 /* UdacityClient.swift */; };
		01E2A4F81B0F2854005D11C0 /* UdacityUser.swift in Sources */ = {isa = PBXBuildFile; fileRef = 01E2A4F71B0F2854005D11C0 /* UdacityUser.swift */; };
		01E2A4FB1B0FDDDC005D11C0 /* UIViewExtension.swift in Sources */ = {isa = PBXBuildFile; fileRef = 01E2A4FA1B0FDDDC005D11C0 /* UIViewExtension.swift */; };
		01E2A4FD1B0FE89C005D11C0 /* TabBarController.swift in Sources */ = {isa = PBXBuildFile; fileRef = 01E2A4FC1B0FE89C005D11C0 /* TabBarController.swift */; };
		01E2A4FF1B0FEB11005D11C0 /* MapViewController.swift in Sources */ = {isa = PBXBuildFile; fileRef = 01E2A4FE1B0FEB11005D11C0 /* MapViewController.swift */; };
		01E2A5011B0FEB39005D11C0 /* ListViewController.swift in Sources */ = {isa = PBXBuildFile; fileRef = 01E2A5001B0FEB39005D11C0 /* ListViewController.swift */; };
		01E2A5061B0FFABB005D11C0 /* ParseClient.swift in Sources */ = {isa = PBXBuildFile; fileRef = 01E2A5051B0FFABB005D11C0 /* ParseClient.swift */; };
		01E2A50A1B105F4C005D11C0 /* StudentLocation.swift in Sources */ = {isa = PBXBuildFile; fileRef = 01E2A5091B105F4C005D11C0 /* StudentLocation.swift */; };
		01E2A50C1B10D8EF005D11C0 /* EnterLocationViewController.swift in Sources */ = {isa = PBXBuildFile; fileRef = 01E2A50B1B10D8EF005D11C0 /* EnterLocationViewController.swift */; };
		01E2A50E1B10D917005D11C0 /* EnterUrlViewController.swift in Sources */ = {isa = PBXBuildFile; fileRef = 01E2A50D1B10D917005D11C0 /* EnterUrlViewController.swift */; };
		01E2A5101B1130A7005D11C0 /* NavigationController.swift in Sources */ = {isa = PBXBuildFile; fileRef = 01E2A50F1B1130A7005D11C0 /* NavigationController.swift */; };
		01E2A5121B114A26005D11C0 /* UIViewControllerExtension.swift in Sources */ = {isa = PBXBuildFile; fileRef = 01E2A5111B114A26005D11C0 /* UIViewControllerExtension.swift */; };
/* End PBXBuildFile section */

/* Begin PBXContainerItemProxy section */
		01E2A4E01B0A3962005D11C0 /* PBXContainerItemProxy */ = {
			isa = PBXContainerItemProxy;
			containerPortal = 01E2A4C21B0A3961005D11C0 /* Project object */;
			proxyType = 1;
			remoteGlobalIDString = 01E2A4C91B0A3961005D11C0;
			remoteInfo = "On the Map";
		};
/* End PBXContainerItemProxy section */

/* Begin PBXFileReference section */
		01C4887A1B1208CD007142EC /* Base */ = {isa = PBXFileReference; lastKnownFileType = file.storyboard; name = Base; path = Base.lproj/Main.storyboard; sourceTree = "<group>"; };
		01C4887D1B131835007142EC /* MapKit.framework */ = {isa = PBXFileReference; lastKnownFileType = wrapper.framework; name = MapKit.framework; path = System/Library/Frameworks/MapKit.framework; sourceTree = SDKROOT; };
		01C488901B132208007142EC /* FBSDKLoginKit.framework */ = {isa = PBXFileReference; lastKnownFileType = wrapper.framework; path = FBSDKLoginKit.framework; sourceTree = "<group>"; };
		01C488921B132260007142EC /* FBSDKCoreKit.framework */ = {isa = PBXFileReference; lastKnownFileType = wrapper.framework; path = FBSDKCoreKit.framework; sourceTree = "<group>"; };
		01E2A4CA1B0A3961005D11C0 /* On the Map.app */ = {isa = PBXFileReference; explicitFileType = wrapper.application; includeInIndex = 0; path = "On the Map.app"; sourceTree = BUILT_PRODUCTS_DIR; };
		01E2A4CE1B0A3961005D11C0 /* Info.plist */ = {isa = PBXFileReference; lastKnownFileType = text.plist.xml; path = Info.plist; sourceTree = "<group>"; };
		01E2A4CF1B0A3961005D11C0 /* AppDelegate.swift */ = {isa = PBXFileReference; lastKnownFileType = sourcecode.swift; path = AppDelegate.swift; sourceTree = "<group>"; };
		01E2A4D11B0A3961005D11C0 /* LoginViewController.swift */ = {isa = PBXFileReference; lastKnownFileType = sourcecode.swift; path = LoginViewController.swift; sourceTree = "<group>"; };
		01E2A4D61B0A3961005D11C0 /* Images.xcassets */ = {isa = PBXFileReference; lastKnownFileType = folder.assetcatalog; path = Images.xcassets; sourceTree = "<group>"; };
		01E2A4D91B0A3961005D11C0 /* Base */ = {isa = PBXFileReference; lastKnownFileType = file.xib; name = Base; path = Base.lproj/LaunchScreen.xib; sourceTree = "<group>"; };
		01E2A4DF1B0A3962005D11C0 /* On the MapTests.xctest */ = {isa = PBXFileReference; explicitFileType = wrapper.cfbundle; includeInIndex = 0; path = "On the MapTests.xctest"; sourceTree = BUILT_PRODUCTS_DIR; };
		01E2A4E41B0A3962005D11C0 /* Info.plist */ = {isa = PBXFileReference; lastKnownFileType = text.plist.xml; path = Info.plist; sourceTree = "<group>"; };
		01E2A4E51B0A3962005D11C0 /* On_the_MapTests.swift */ = {isa = PBXFileReference; lastKnownFileType = sourcecode.swift; path = On_the_MapTests.swift; sourceTree = "<group>"; };
		01E2A4F11B0BC267005D11C0 /* UdacityClient.swift */ = {isa = PBXFileReference; fileEncoding = 4; lastKnownFileType = sourcecode.swift; path = UdacityClient.swift; sourceTree = "<group>"; };
		01E2A4F71B0F2854005D11C0 /* UdacityUser.swift */ = {isa = PBXFileReference; fileEncoding = 4; lastKnownFileType = sourcecode.swift; path = UdacityUser.swift; sourceTree = "<group>"; };
		01E2A4FA1B0FDDDC005D11C0 /* UIViewExtension.swift */ = {isa = PBXFileReference; fileEncoding = 4; lastKnownFileType = sourcecode.swift; path = UIViewExtension.swift; sourceTree = "<group>"; };
		01E2A4FC1B0FE89C005D11C0 /* TabBarController.swift */ = {isa = PBXFileReference; fileEncoding = 4; lastKnownFileType = sourcecode.swift; path = TabBarController.swift; sourceTree = "<group>"; };
		01E2A4FE1B0FEB11005D11C0 /* MapViewController.swift */ = {isa = PBXFileReference; fileEncoding = 4; lastKnownFileType = sourcecode.swift; path = MapViewController.swift; sourceTree = "<group>"; };
		01E2A5001B0FEB39005D11C0 /* ListViewController.swift */ = {isa = PBXFileReference; fileEncoding = 4; lastKnownFileType = sourcecode.swift; path = ListViewController.swift; sourceTree = "<group>"; };
		01E2A5051B0FFABB005D11C0 /* ParseClient.swift */ = {isa = PBXFileReference; fileEncoding = 4; lastKnownFileType = sourcecode.swift; path = ParseClient.swift; sourceTree = "<group>"; };
		01E2A5091B105F4C005D11C0 /* StudentLocation.swift */ = {isa = PBXFileReference; fileEncoding = 4; lastKnownFileType = sourcecode.swift; path = StudentLocation.swift; sourceTree = "<group>"; };
		01E2A50B1B10D8EF005D11C0 /* EnterLocationViewController.swift */ = {isa = PBXFileReference; fileEncoding = 4; lastKnownFileType = sourcecode.swift; path = EnterLocationViewController.swift; sourceTree = "<group>"; };
		01E2A50D1B10D917005D11C0 /* EnterUrlViewController.swift */ = {isa = PBXFileReference; fileEncoding = 4; lastKnownFileType = sourcecode.swift; path = EnterUrlViewController.swift; sourceTree = "<group>"; };
		01E2A50F1B1130A7005D11C0 /* NavigationController.swift */ = {isa = PBXFileReference; fileEncoding = 4; lastKnownFileType = sourcecode.swift; path = NavigationController.swift; sourceTree = "<group>"; };
		01E2A5111B114A26005D11C0 /* UIViewControllerExtension.swift */ = {isa = PBXFileReference; fileEncoding = 4; lastKnownFileType = sourcecode.swift; path = UIViewControllerExtension.swift; sourceTree = "<group>"; };
/* End PBXFileReference section */

/* Begin PBXFrameworksBuildPhase section */
		01E2A4C71B0A3961005D11C0 /* Frameworks */ = {
			isa = PBXFrameworksBuildPhase;
			buildActionMask = 2147483647;
			files = (
				01C488911B132208007142EC /* FBSDKLoginKit.framework in Frameworks */,
				01C488931B132260007142EC /* FBSDKCoreKit.framework in Frameworks */,
				01C4888F1B1321E2007142EC /* MapKit.framework in Frameworks */,
			);
			runOnlyForDeploymentPostprocessing = 0;
		};
		01E2A4DC1B0A3962005D11C0 /* Frameworks */ = {
			isa = PBXFrameworksBuildPhase;
			buildActionMask = 2147483647;
			files = (
			);
			runOnlyForDeploymentPostprocessing = 0;
		};
/* End PBXFrameworksBuildPhase section */

/* Begin PBXGroup section */
		01C4887C1B13160B007142EC /* Frameworks */ = {
			isa = PBXGroup;
			children = (
				01C488921B132260007142EC /* FBSDKCoreKit.framework */,
				01C488901B132208007142EC /* FBSDKLoginKit.framework */,
				01C4887D1B131835007142EC /* MapKit.framework */,
			);
			name = Frameworks;
			sourceTree = "<group>";
		};
		01E2A4C11B0A3961005D11C0 = {
			isa = PBXGroup;
			children = (
				01E2A4CC1B0A3961005D11C0 /* On the Map */,
				01E2A4E21B0A3962005D11C0 /* On the MapTests */,
				01E2A4CB1B0A3961005D11C0 /* Products */,
				01C4887C1B13160B007142EC /* Frameworks */,
			);
			sourceTree = "<group>";
		};
		01E2A4CB1B0A3961005D11C0 /* Products */ = {
			isa = PBXGroup;
			children = (
				01E2A4CA1B0A3961005D11C0 /* On the Map.app */,
				01E2A4DF1B0A3962005D11C0 /* On the MapTests.xctest */,
			);
			name = Products;
			sourceTree = "<group>";
		};
		01E2A4CC1B0A3961005D11C0 /* On the Map */ = {
			isa = PBXGroup;
			children = (
				01C488791B1208CD007142EC /* Main.storyboard */,
				01E2A4CF1B0A3961005D11C0 /* AppDelegate.swift */,
				01E2A4F01B0BC245005D11C0 /* Model */,
				01E2A4EF1B0BC229005D11C0 /* Controller */,
				01E2A4F91B0FDDBE005D11C0 /* View */,
				01E2A4D61B0A3961005D11C0 /* Images.xcassets */,
				01E2A4D81B0A3961005D11C0 /* LaunchScreen.xib */,
				01E2A4CD1B0A3961005D11C0 /* Supporting Files */,
			);
			path = "On the Map";
			sourceTree = "<group>";
		};
		01E2A4CD1B0A3961005D11C0 /* Supporting Files */ = {
			isa = PBXGroup;
			children = (
				01E2A4CE1B0A3961005D11C0 /* Info.plist */,
			);
			name = "Supporting Files";
			sourceTree = "<group>";
		};
		01E2A4E21B0A3962005D11C0 /* On the MapTests */ = {
			isa = PBXGroup;
			children = (
				01E2A4E51B0A3962005D11C0 /* On_the_MapTests.swift */,
				01E2A4E31B0A3962005D11C0 /* Supporting Files */,
			);
			path = "On the MapTests";
			sourceTree = "<group>";
		};
		01E2A4E31B0A3962005D11C0 /* Supporting Files */ = {
			isa = PBXGroup;
			children = (
				01E2A4E41B0A3962005D11C0 /* Info.plist */,
			);
			name = "Supporting Files";
			sourceTree = "<group>";
		};
		01E2A4EF1B0BC229005D11C0 /* Controller */ = {
			isa = PBXGroup;
			children = (
				01E2A4D11B0A3961005D11C0 /* LoginViewController.swift */,
				01E2A4FC1B0FE89C005D11C0 /* TabBarController.swift */,
				01E2A4FE1B0FEB11005D11C0 /* MapViewController.swift */,
				01E2A5001B0FEB39005D11C0 /* ListViewController.swift */,
				01E2A50B1B10D8EF005D11C0 /* EnterLocationViewController.swift */,
				01E2A50D1B10D917005D11C0 /* EnterUrlViewController.swift */,
				01E2A50F1B1130A7005D11C0 /* NavigationController.swift */,
				01E2A5111B114A26005D11C0 /* UIViewControllerExtension.swift */,
			);
			name = Controller;
			sourceTree = "<group>";
		};
		01E2A4F01B0BC245005D11C0 /* Model */ = {
			isa = PBXGroup;
			children = (
				01E2A5041B0FFAA8005D11C0 /* Parse */,
				01E2A4F31B0BC43C005D11C0 /* Udacity */,
			);
			name = Model;
			sourceTree = "<group>";
		};
		01E2A4F31B0BC43C005D11C0 /* Udacity */ = {
			isa = PBXGroup;
			children = (
				01E2A4F11B0BC267005D11C0 /* UdacityClient.swift */,
				01E2A4F71B0F2854005D11C0 /* UdacityUser.swift */,
			);
			name = Udacity;
			sourceTree = "<group>";
		};
		01E2A4F91B0FDDBE005D11C0 /* View */ = {
			isa = PBXGroup;
			children = (
				01E2A4FA1B0FDDDC005D11C0 /* UIViewExtension.swift */,
			);
			name = View;
			sourceTree = "<group>";
		};
		01E2A5041B0FFAA8005D11C0 /* Parse */ = {
			isa = PBXGroup;
			children = (
				01E2A5051B0FFABB005D11C0 /* ParseClient.swift */,
				01E2A5091B105F4C005D11C0 /* StudentLocation.swift */,
			);
			name = Parse;
			sourceTree = "<group>";
		};
/* End PBXGroup section */

/* Begin PBXNativeTarget section */
		01E2A4C91B0A3961005D11C0 /* On the Map */ = {
			isa = PBXNativeTarget;
			buildConfigurationList = 01E2A4E91B0A3962005D11C0 /* Build configuration list for PBXNativeTarget "On the Map" */;
			buildPhases = (
				01E2A4C61B0A3961005D11C0 /* Sources */,
				01E2A4C71B0A3961005D11C0 /* Frameworks */,
				01E2A4C81B0A3961005D11C0 /* Resources */,
			);
			buildRules = (
			);
			dependencies = (
			);
			name = "On the Map";
			productName = "On the Map";
			productReference = 01E2A4CA1B0A3961005D11C0 /* On the Map.app */;
			productType = "com.apple.product-type.application";
		};
		01E2A4DE1B0A3962005D11C0 /* On the MapTests */ = {
			isa = PBXNativeTarget;
			buildConfigurationList = 01E2A4EC1B0A3962005D11C0 /* Build configuration list for PBXNativeTarget "On the MapTests" */;
			buildPhases = (
				01E2A4DB1B0A3962005D11C0 /* Sources */,
				01E2A4DC1B0A3962005D11C0 /* Frameworks */,
				01E2A4DD1B0A3962005D11C0 /* Resources */,
			);
			buildRules = (
			);
			dependencies = (
				01E2A4E11B0A3962005D11C0 /* PBXTargetDependency */,
			);
			name = "On the MapTests";
			productName = "On the MapTests";
			productReference = 01E2A4DF1B0A3962005D11C0 /* On the MapTests.xctest */;
			productType = "com.apple.product-type.bundle.unit-test";
		};
/* End PBXNativeTarget section */

/* Begin PBXProject section */
		01E2A4C21B0A3961005D11C0 /* Project object */ = {
			isa = PBXProject;
			attributes = {
				LastUpgradeCheck = 0630;
				ORGANIZATIONNAME = "Nick Cohen";
				TargetAttributes = {
					01E2A4C91B0A3961005D11C0 = {
						CreatedOnToolsVersion = 6.3.1;
						DevelopmentTeam = KPB2S75Q4U;
					};
					01E2A4DE1B0A3962005D11C0 = {
						CreatedOnToolsVersion = 6.3.1;
						TestTargetID = 01E2A4C91B0A3961005D11C0;
					};
				};
			};
			buildConfigurationList = 01E2A4C51B0A3961005D11C0 /* Build configuration list for PBXProject "On the Map" */;
			compatibilityVersion = "Xcode 3.2";
			developmentRegion = English;
			hasScannedForEncodings = 0;
			knownRegions = (
				en,
				Base,
			);
			mainGroup = 01E2A4C11B0A3961005D11C0;
			productRefGroup = 01E2A4CB1B0A3961005D11C0 /* Products */;
			projectDirPath = "";
			projectRoot = "";
			targets = (
				01E2A4C91B0A3961005D11C0 /* On the Map */,
				01E2A4DE1B0A3962005D11C0 /* On the MapTests */,
			);
		};
/* End PBXProject section */

/* Begin PBXResourcesBuildPhase section */
		01E2A4C81B0A3961005D11C0 /* Resources */ = {
			isa = PBXResourcesBuildPhase;
			buildActionMask = 2147483647;
			files = (
				01C4887B1B1208CD007142EC /* Main.storyboard in Resources */,
				01E2A4DA1B0A3961005D11C0 /* LaunchScreen.xib in Resources */,
				01E2A4D71B0A3961005D11C0 /* Images.xcassets in Resources */,
			);
			runOnlyForDeploymentPostprocessing = 0;
		};
		01E2A4DD1B0A3962005D11C0 /* Resources */ = {
			isa = PBXResourcesBuildPhase;
			buildActionMask = 2147483647;
			files = (
			);
			runOnlyForDeploymentPostprocessing = 0;
		};
/* End PBXResourcesBuildPhase section */

/* Begin PBXSourcesBuildPhase section */
		01E2A4C61B0A3961005D11C0 /* Sources */ = {
			isa = PBXSourcesBuildPhase;
			buildActionMask = 2147483647;
			files = (
				01E2A4FB1B0FDDDC005D11C0 /* UIViewExtension.swift in Sources */,
				01E2A50A1B105F4C005D11C0 /* StudentLocation.swift in Sources */,
				01E2A5121B114A26005D11C0 /* UIViewControllerExtension.swift in Sources */,
				01E2A4D21B0A3961005D11C0 /* LoginViewController.swift in Sources */,
				01E2A4F81B0F2854005D11C0 /* UdacityUser.swift in Sources */,
				01E2A4FD1B0FE89C005D11C0 /* TabBarController.swift in Sources */,
				01E2A4D01B0A3961005D11C0 /* AppDelegate.swift in Sources */,
				01E2A5061B0FFABB005D11C0 /* ParseClient.swift in Sources */,
				01E2A4F21B0BC267005D11C0 /* UdacityClient.swift in Sources */,
				01E2A5011B0FEB39005D11C0 /* ListViewController.swift in Sources */,
				01E2A50E1B10D917005D11C0 /* EnterUrlViewController.swift in Sources */,
				01E2A50C1B10D8EF005D11C0 /* EnterLocationViewController.swift in Sources */,
				01E2A5101B1130A7005D11C0 /* NavigationController.swift in Sources */,
				01E2A4FF1B0FEB11005D11C0 /* MapViewController.swift in Sources */,
			);
			runOnlyForDeploymentPostprocessing = 0;
		};
		01E2A4DB1B0A3962005D11C0 /* Sources */ = {
			isa = PBXSourcesBuildPhase;
			buildActionMask = 2147483647;
			files = (
				01E2A4E61B0A3962005D11C0 /* On_the_MapTests.swift in Sources */,
			);
			runOnlyForDeploymentPostprocessing = 0;
		};
/* End PBXSourcesBuildPhase section */

/* Begin PBXTargetDependency section */
		01E2A4E11B0A3962005D11C0 /* PBXTargetDependency */ = {
			isa = PBXTargetDependency;
			target = 01E2A4C91B0A3961005D11C0 /* On the Map */;
			targetProxy = 01E2A4E01B0A3962005D11C0 /* PBXContainerItemProxy */;
		};
/* End PBXTargetDependency section */

/* Begin PBXVariantGroup section */
		01C488791B1208CD007142EC /* Main.storyboard */ = {
			isa = PBXVariantGroup;
			children = (
				01C4887A1B1208CD007142EC /* Base */,
			);
			name = Main.storyboard;
			sourceTree = "<group>";
		};
		01E2A4D81B0A3961005D11C0 /* LaunchScreen.xib */ = {
			isa = PBXVariantGroup;
			children = (
				01E2A4D91B0A3961005D11C0 /* Base */,
			);
			name = LaunchScreen.xib;
			sourceTree = "<group>";
		};
/* End PBXVariantGroup section */

/* Begin XCBuildConfiguration section */
		01E2A4E71B0A3962005D11C0 /* Debug */ = {
			isa = XCBuildConfiguration;
			buildSettings = {
				ALWAYS_SEARCH_USER_PATHS = NO;
				CLANG_CXX_LANGUAGE_STANDARD = "gnu++0x";
				CLANG_CXX_LIBRARY = "libc++";
				CLANG_ENABLE_MODULES = YES;
				CLANG_ENABLE_OBJC_ARC = YES;
				CLANG_WARN_BOOL_CONVERSION = YES;
				CLANG_WARN_CONSTANT_CONVERSION = YES;
				CLANG_WARN_DIRECT_OBJC_ISA_USAGE = YES_ERROR;
				CLANG_WARN_EMPTY_BODY = YES;
				CLANG_WARN_ENUM_CONVERSION = YES;
				CLANG_WARN_INT_CONVERSION = YES;
				CLANG_WARN_OBJC_ROOT_CLASS = YES_ERROR;
				CLANG_WARN_UNREACHABLE_CODE = YES;
				CLANG_WARN__DUPLICATE_METHOD_MATCH = YES;
				"CODE_SIGN_IDENTITY[sdk=iphoneos*]" = "iPhone Developer";
				COPY_PHASE_STRIP = NO;
				DEBUG_INFORMATION_FORMAT = "dwarf-with-dsym";
				ENABLE_STRICT_OBJC_MSGSEND = YES;
				GCC_C_LANGUAGE_STANDARD = gnu99;
				GCC_DYNAMIC_NO_PIC = NO;
				GCC_NO_COMMON_BLOCKS = YES;
				GCC_OPTIMIZATION_LEVEL = 0;
				GCC_PREPROCESSOR_DEFINITIONS = (
					"DEBUG=1",
					"$(inherited)",
				);
				GCC_SYMBOLS_PRIVATE_EXTERN = NO;
				GCC_WARN_64_TO_32_BIT_CONVERSION = YES;
				GCC_WARN_ABOUT_RETURN_TYPE = YES_ERROR;
				GCC_WARN_UNDECLARED_SELECTOR = YES;
				GCC_WARN_UNINITIALIZED_AUTOS = YES_AGGRESSIVE;
				GCC_WARN_UNUSED_FUNCTION = YES;
				GCC_WARN_UNUSED_VARIABLE = YES;
				IPHONEOS_DEPLOYMENT_TARGET = 8.3;
				MTL_ENABLE_DEBUG_INFO = YES;
				ONLY_ACTIVE_ARCH = YES;
				SDKROOT = iphoneos;
				SWIFT_OPTIMIZATION_LEVEL = "-Onone";
			};
			name = Debug;
		};
		01E2A4E81B0A3962005D11C0 /* Release */ = {
			isa = XCBuildConfiguration;
			buildSettings = {
				ALWAYS_SEARCH_USER_PATHS = NO;
				CLANG_CXX_LANGUAGE_STANDARD = "gnu++0x";
				CLANG_CXX_LIBRARY = "libc++";
				CLANG_ENABLE_MODULES = YES;
				CLANG_ENABLE_OBJC_ARC = YES;
				CLANG_WARN_BOOL_CONVERSION = YES;
				CLANG_WARN_CONSTANT_CONVERSION = YES;
				CLANG_WARN_DIRECT_OBJC_ISA_USAGE = YES_ERROR;
				CLANG_WARN_EMPTY_BODY = YES;
				CLANG_WARN_ENUM_CONVERSION = YES;
				CLANG_WARN_INT_CONVERSION = YES;
				CLANG_WARN_OBJC_ROOT_CLASS = YES_ERROR;
				CLANG_WARN_UNREACHABLE_CODE = YES;
				CLANG_WARN__DUPLICATE_METHOD_MATCH = YES;
				"CODE_SIGN_IDENTITY[sdk=iphoneos*]" = "iPhone Developer";
				COPY_PHASE_STRIP = NO;
				DEBUG_INFORMATION_FORMAT = "dwarf-with-dsym";
				ENABLE_NS_ASSERTIONS = NO;
				ENABLE_STRICT_OBJC_MSGSEND = YES;
				GCC_C_LANGUAGE_STANDARD = gnu99;
				GCC_NO_COMMON_BLOCKS = YES;
				GCC_WARN_64_TO_32_BIT_CONVERSION = YES;
				GCC_WARN_ABOUT_RETURN_TYPE = YES_ERROR;
				GCC_WARN_UNDECLARED_SELECTOR = YES;
				GCC_WARN_UNINITIALIZED_AUTOS = YES_AGGRESSIVE;
				GCC_WARN_UNUSED_FUNCTION = YES;
				GCC_WARN_UNUSED_VARIABLE = YES;
				IPHONEOS_DEPLOYMENT_TARGET = 8.3;
				MTL_ENABLE_DEBUG_INFO = NO;
				SDKROOT = iphoneos;
				VALIDATE_PRODUCT = YES;
			};
			name = Release;
		};
		01E2A4EA1B0A3962005D11C0 /* Debug */ = {
			isa = XCBuildConfiguration;
			buildSettings = {
				ASSETCATALOG_COMPILER_APPICON_NAME = AppIcon;
				CODE_SIGN_IDENTITY = "iPhone Developer";
				"CODE_SIGN_IDENTITY[sdk=iphoneos*]" = "iPhone Developer";
				FRAMEWORK_SEARCH_PATHS = (
					"$(inherited)",
					/Users/nick/Documents/FacebookSDK,
					"$(PROJECT_DIR)/On",
					the,
					Map,
					"$(PROJECT_DIR)/On",
					the,
					Map,
					"$(PROJECT_DIR)",
				);
				INFOPLIST_FILE = "On the Map/Info.plist";
				LD_RUNPATH_SEARCH_PATHS = "$(inherited) @executable_path/Frameworks";
				PRODUCT_NAME = "$(TARGET_NAME)";
				PROVISIONING_PROFILE = "";
			};
			name = Debug;
		};
		01E2A4EB1B0A3962005D11C0 /* Release */ = {
			isa = XCBuildConfiguration;
			buildSettings = {
				ASSETCATALOG_COMPILER_APPICON_NAME = AppIcon;
				CODE_SIGN_IDENTITY = "iPhone Developer";
				"CODE_SIGN_IDENTITY[sdk=iphoneos*]" = "iPhone Developer";
				FRAMEWORK_SEARCH_PATHS = (
					"$(inherited)",
					/Users/nick/Documents/FacebookSDK,
					"$(PROJECT_DIR)/On",
					the,
					Map,
					"$(PROJECT_DIR)/On",
					the,
					Map,
					"$(PROJECT_DIR)",
				);
				INFOPLIST_FILE = "On the Map/Info.plist";
				LD_RUNPATH_SEARCH_PATHS = "$(inherited) @executable_path/Frameworks";
				PRODUCT_NAME = "$(TARGET_NAME)";
				PROVISIONING_PROFILE = "";
			};
			name = Release;
		};
		01E2A4ED1B0A3962005D11C0 /* Debug */ = {
			isa = XCBuildConfiguration;
			buildSettings = {
				BUNDLE_LOADER = "$(TEST_HOST)";
				FRAMEWORK_SEARCH_PATHS = (
					"$(SDKROOT)/Developer/Library/Frameworks",
					"$(inherited)",
				);
				GCC_PREPROCESSOR_DEFINITIONS = (
					"DEBUG=1",
					"$(inherited)",
				);
				INFOPLIST_FILE = "On the MapTests/Info.plist";
				LD_RUNPATH_SEARCH_PATHS = "$(inherited) @executable_path/Frameworks @loader_path/Frameworks";
				PRODUCT_NAME = "$(TARGET_NAME)";
				TEST_HOST = "$(BUILT_PRODUCTS_DIR)/On the Map.app/On the Map";
			};
			name = Debug;
		};
		01E2A4EE1B0A3962005D11C0 /* Release */ = {
			isa = XCBuildConfiguration;
			buildSettings = {
				BUNDLE_LOADER = "$(TEST_HOST)";
				FRAMEWORK_SEARCH_PATHS = (
					"$(SDKROOT)/Developer/Library/Frameworks",
					"$(inherited)",
				);
				INFOPLIST_FILE = "On the MapTests/Info.plist";
				LD_RUNPATH_SEARCH_PATHS = "$(inherited) @executable_path/Frameworks @loader_path/Frameworks";
				PRODUCT_NAME = "$(TARGET_NAME)";
				TEST_HOST = "$(BUILT_PRODUCTS_DIR)/On the Map.app/On the Map";
			};
			name = Release;
		};
/* End XCBuildConfiguration section */

/* Begin XCConfigurationList section */
		01E2A4C51B0A3961005D11C0 /* Build configuration list for PBXProject "On the Map" */ = {
			isa = XCConfigurationList;
			buildConfigurations = (
				01E2A4E71B0A3962005D11C0 /* Debug */,
				01E2A4E81B0A3962005D11C0 /* Release */,
			);
			defaultConfigurationIsVisible = 0;
			defaultConfigurationName = Release;
		};
		01E2A4E91B0A3962005D11C0 /* Build configuration list for PBXNativeTarget "On the Map" */ = {
			isa = XCConfigurationList;
			buildConfigurations = (
				01E2A4EA1B0A3962005D11C0 /* Debug */,
				01E2A4EB1B0A3962005D11C0 /* Release */,
			);
			defaultConfigurationIsVisible = 0;
			defaultConfigurationName = Release;
		};
		01E2A4EC1B0A3962005D11C0 /* Build configuration list for PBXNativeTarget "On the MapTests" */ = {
			isa = XCConfigurationList;
			buildConfigurations = (
				01E2A4ED1B0A3962005D11C0 /* Debug */,
				01E2A4EE1B0A3962005D11C0 /* Release */,
			);
			defaultConfigurationIsVisible = 0;
			defaultConfigurationName = Release;
		};
/* End XCConfigurationList section */
	};
	rootObject = 01E2A4C21B0A3961005D11C0 /* Project object */;
}
